// !$*UTF8*$!
{
	archiveVersion = 1;
	classes = {
	};
	objectVersion = 52;
	objects = {

/* Begin PBXBuildFile section */
		0207DA581B56EA530066E2B4 /* Images.xcassets in Resources */ = {isa = PBXBuildFile; fileRef = 0207DA571B56EA530066E2B4 /* Images.xcassets */; };
		163BBEE441004286A492F5B2 /* CDVJpegHeaderWriter.m in Sources */ = {isa = PBXBuildFile; fileRef = 61A9074E32094A4394AD1BFD /* CDVJpegHeaderWriter.m */; };
		18BA5B71FA944D69B83BFB8F /* CoreLocation.framework in Frameworks */ = {isa = PBXBuildFile; fileRef = 25C06AFF94B74359A0FF7565 /* CoreLocation.framework */; };
		1A0F98F351934D9FBA104627 /* AppDelegate+FCMPlugin.m in Sources */ = {isa = PBXBuildFile; fileRef = F708EA9E047A4A47A55C84B0 /* AppDelegate+FCMPlugin.m */; };
		1A7854D01276492DA5C3A5BE /* CDVViewController+SplashScreen.m in Sources */ = {isa = PBXBuildFile; fileRef = 12BF1A46041C4252848124F6 /* CDVViewController+SplashScreen.m */; };
		1D3623260D0F684500981E51 /* AppDelegate.m in Sources */ = {isa = PBXBuildFile; fileRef = 1D3623250D0F684500981E51 /* AppDelegate.m */; };
		1D60589B0D05DD56006BFB54 /* main.m in Sources */ = {isa = PBXBuildFile; fileRef = 29B97316FDCFA39411CA2CEA /* main.m */; };
		301BF552109A68D80062928A /* libCordova.a in Frameworks */ = {isa = PBXBuildFile; fileRef = 301BF535109A57CC0062928A /* libCordova.a */; settings = {ATTRIBUTES = (Required, ); }; };
		302D95F114D2391D003F00A1 /* MainViewController.m in Sources */ = {isa = PBXBuildFile; fileRef = 302D95EF14D2391D003F00A1 /* MainViewController.m */; };
		302D95F214D2391D003F00A1 /* MainViewController.xib in Resources */ = {isa = PBXBuildFile; fileRef = 302D95F014D2391D003F00A1 /* MainViewController.xib */; };
		367F8EF5AF59490CB327E7DC /* CDVStatusBar.m in Sources */ = {isa = PBXBuildFile; fileRef = B4F53C25AFB04DC79D59DABB /* CDVStatusBar.m */; };
		372828CCFA3F4B56881108DF /* CDVCamera.m in Sources */ = {isa = PBXBuildFile; fileRef = D3BB0C77C521401C82C6D6E9 /* CDVCamera.m */; };
		3E7011BDBD9C4B1296BD5449 /* FCMNotificationCenterDelegate.m in Sources */ = {isa = PBXBuildFile; fileRef = 94BDC10D4220447A8CACA4E8 /* FCMNotificationCenterDelegate.m */; };
		406DEC3E5EA14EB2B2B7A9A2 /* FCMPlugin.m in Sources */ = {isa = PBXBuildFile; fileRef = B7DC6B0A637B4E10864D5FFD /* FCMPlugin.m */; };
		45048514194541509A9F5938 /* ImageIO.framework in Frameworks */ = {isa = PBXBuildFile; fileRef = A3CFBE5C5F7846808EB4B90B /* ImageIO.framework */; settings = {ATTRIBUTES = (Weak, ); }; };
		6AFF5BF91D6E424B00AB3073 /* CDVLaunchScreen.storyboard in Resources */ = {isa = PBXBuildFile; fileRef = 6AFF5BF81D6E424B00AB3073 /* CDVLaunchScreen.storyboard */; };
		6F5F28D856DF49C0A9BA2616 /* WebKit.framework in Frameworks */ = {isa = PBXBuildFile; fileRef = F9C60B9815B24F2A8B9832D8 /* WebKit.framework */; settings = {ATTRIBUTES = (Weak, ); }; };
		840B309C11EB48AEAAB75A7A /* CDVDevice.m in Sources */ = {isa = PBXBuildFile; fileRef = 11220E4EC1644C4B97B725D9 /* CDVDevice.m */; };
		8DB0BBF36FEC4B25B4E09634 /* CDVWKWebViewUIDelegate.m in Sources */ = {isa = PBXBuildFile; fileRef = FB6ACB6C43624B8DAD531986 /* CDVWKWebViewUIDelegate.m */; };
		928BD4F427993CB000DD975B /* GoogleService-Info.plist in Resources */ = {isa = PBXBuildFile; fileRef = 928BD4F327993CB000DD975B /* GoogleService-Info.plist */; };
		ABEDF06B557B468C8B504910 /* CDVWKProcessPoolFactory.m in Sources */ = {isa = PBXBuildFile; fileRef = 7E3A331E25D443DA87595503 /* CDVWKProcessPoolFactory.m */; };
		B64D8F0E8DB04B82AE7DCF6C /* UIImage+CropScaleOrientation.m in Sources */ = {isa = PBXBuildFile; fileRef = 93DB1476561F438495503388 /* UIImage+CropScaleOrientation.m */; };
		B8637667842A48B58E715A79 /* AVFoundation.framework in Frameworks */ = {isa = PBXBuildFile; fileRef = 1D8A34AE011E46629D641EDB /* AVFoundation.framework */; };
		CEEBC14AB893468D8BC7421B /* CDVWKWebViewEngine.m in Sources */ = {isa = PBXBuildFile; fileRef = EA1024BB4E2146B2A7AB77A5 /* CDVWKWebViewEngine.m */; };
		D02401D856D14D3D8C06F107 /* IONAssetHandler.m in Sources */ = {isa = PBXBuildFile; fileRef = 297DF3751802469DB4985EDA /* IONAssetHandler.m */; };
		DD860D4851704DE88A759EBA /* FCMPluginIOS9Support.m in Sources */ = {isa = PBXBuildFile; fileRef = 03EE0C83BFE14115BAD0F0CE /* FCMPluginIOS9Support.m */; };
		EB3C231F06B24E81A7A2C18B /* CDVIonicKeyboard.m in Sources */ = {isa = PBXBuildFile; fileRef = A149D661BAB64471A7BF156E /* CDVIonicKeyboard.m */; };
		EE5234A33BBB429088006DA2 /* CDVSplashScreen.m in Sources */ = {isa = PBXBuildFile; fileRef = FDF02FD6CD19404BB352C000 /* CDVSplashScreen.m */; };
		F2BF36C191DFBD75D45626DB /* libPods-tomjerry.a in Frameworks */ = {isa = PBXBuildFile; fileRef = 675E0A2A91DBE0DC6EB29AE0 /* libPods-tomjerry.a */; };
		32BE5393B3F24663A784CE54 /* NativeAudio.m in Sources */ = {isa = PBXBuildFile; fileRef = 2EE0C9B7C0D648D9BDF5B52C /* NativeAudio.m */; };
		FE8538A2046B4ACCAB60F99A /* NativeAudioAsset.m in Sources */ = {isa = PBXBuildFile; fileRef = CD687EAF49A24657844EA2CF /* NativeAudioAsset.m */; };
		D4D6EA0ACEAA4F8B8957636B /* Foundation.framework in Frameworks */ = {isa = PBXBuildFile; fileRef = 21B9DAE50E264DE783CC6F50 /* Foundation.framework */; };
		59100EA50DBB4BEA9628DE02 /* AudioToolbox.framework in Frameworks */ = {isa = PBXBuildFile; fileRef = CBFCA302A04D44B3AD046474 /* AudioToolbox.framework */; };
/* End PBXBuildFile section */

/* Begin PBXContainerItemProxy section */
		301BF534109A57CC0062928A /* PBXContainerItemProxy */ = {
			isa = PBXContainerItemProxy;
			containerPortal = 301BF52D109A57CC0062928A /* CordovaLib.xcodeproj */;
			proxyType = 2;
			remoteGlobalIDString = D2AAC07E0554694100DB518D;
			remoteInfo = CordovaLib;
		};
		301BF550109A68C00062928A /* PBXContainerItemProxy */ = {
			isa = PBXContainerItemProxy;
			containerPortal = 301BF52D109A57CC0062928A /* CordovaLib.xcodeproj */;
			proxyType = 1;
			remoteGlobalIDString = D2AAC07D0554694100DB518D;
			remoteInfo = CordovaLib;
		};
		907D8123214C687600058A10 /* PBXContainerItemProxy */ = {
			isa = PBXContainerItemProxy;
			containerPortal = 301BF52D109A57CC0062928A /* CordovaLib.xcodeproj */;
			proxyType = 2;
			remoteGlobalIDString = C0C01EB21E3911D50056E6CB;
			remoteInfo = Cordova;
		};
/* End PBXContainerItemProxy section */

/* Begin PBXFileReference section */
		0207DA571B56EA530066E2B4 /* Images.xcassets */ = {isa = PBXFileReference; lastKnownFileType = folder.assetcatalog; name = Images.xcassets; path = tomjerry/Images.xcassets; sourceTree = SOURCE_ROOT; };
		03EE0C83BFE14115BAD0F0CE /* FCMPluginIOS9Support.m */ = {isa = PBXFileReference; explicitFileType = undefined; fileEncoding = 4; includeInIndex = 0; lastKnownFileType = sourcecode.c.objc; name = FCMPluginIOS9Support.m; path = "cordova-plugin-fcm-with-dependecy-updated/FCMPluginIOS9Support.m"; sourceTree = "<group>"; };
		0CD14B1198E748768D0F62C4 /* CDVDevice.h */ = {isa = PBXFileReference; explicitFileType = undefined; fileEncoding = 4; includeInIndex = 0; lastKnownFileType = sourcecode.c.h; name = CDVDevice.h; path = "cordova-plugin-device/CDVDevice.h"; sourceTree = "<group>"; };
		11220E4EC1644C4B97B725D9 /* CDVDevice.m */ = {isa = PBXFileReference; explicitFileType = undefined; fileEncoding = 4; includeInIndex = 0; lastKnownFileType = sourcecode.c.objc; name = CDVDevice.m; path = "cordova-plugin-device/CDVDevice.m"; sourceTree = "<group>"; };
		12BF1A46041C4252848124F6 /* CDVViewController+SplashScreen.m */ = {isa = PBXFileReference; explicitFileType = undefined; fileEncoding = 4; includeInIndex = 0; lastKnownFileType = sourcecode.c.objc; name = "CDVViewController+SplashScreen.m"; path = "cordova-plugin-splashscreen/CDVViewController+SplashScreen.m"; sourceTree = "<group>"; };
		16877323050F405D855B7A57 /* CDVWKWebViewUIDelegate.h */ = {isa = PBXFileReference; explicitFileType = undefined; fileEncoding = 4; includeInIndex = 0; lastKnownFileType = sourcecode.c.h; name = CDVWKWebViewUIDelegate.h; path = "cordova-plugin-ionic-webview/CDVWKWebViewUIDelegate.h"; sourceTree = "<group>"; };
		1CA1E5EC50124B379CAE594F /* CDVJpegHeaderWriter.h */ = {isa = PBXFileReference; explicitFileType = undefined; fileEncoding = 4; includeInIndex = 0; lastKnownFileType = sourcecode.c.h; name = CDVJpegHeaderWriter.h; path = "cordova-plugin-camera/CDVJpegHeaderWriter.h"; sourceTree = "<group>"; };
		1D3623240D0F684500981E51 /* AppDelegate.h */ = {isa = PBXFileReference; fileEncoding = 4; lastKnownFileType = sourcecode.c.h; path = AppDelegate.h; sourceTree = "<group>"; };
		1D3623250D0F684500981E51 /* AppDelegate.m */ = {isa = PBXFileReference; fileEncoding = 4; lastKnownFileType = sourcecode.c.objc; path = AppDelegate.m; sourceTree = "<group>"; };
		1D6058910D05DD3D006BFB54 /* tomjerry.app */ = {isa = PBXFileReference; explicitFileType = wrapper.application; includeInIndex = 0; path = tomjerry.app; sourceTree = BUILT_PRODUCTS_DIR; };
		1D8A34AE011E46629D641EDB /* AVFoundation.framework */ = {isa = PBXFileReference; explicitFileType = undefined; fileEncoding = 9; includeInIndex = 0; lastKnownFileType = wrapper.framework; name = AVFoundation.framework; path = System/Library/Frameworks/AVFoundation.framework; sourceTree = SDKROOT; };
		239A4285571EE0E7286F234B /* Pods-tomjerry.release.xcconfig */ = {isa = PBXFileReference; includeInIndex = 1; lastKnownFileType = text.xcconfig; name = "Pods-tomjerry.release.xcconfig"; path = "Target Support Files/Pods-tomjerry/Pods-tomjerry.release.xcconfig"; sourceTree = "<group>"; };
		25C06AFF94B74359A0FF7565 /* CoreLocation.framework */ = {isa = PBXFileReference; explicitFileType = undefined; fileEncoding = 9; includeInIndex = 0; lastKnownFileType = wrapper.framework; name = CoreLocation.framework; path = System/Library/Frameworks/CoreLocation.framework; sourceTree = SDKROOT; };
		2957E532116A42DEB55DE191 /* CDVCamera.h */ = {isa = PBXFileReference; explicitFileType = undefined; fileEncoding = 4; includeInIndex = 0; lastKnownFileType = sourcecode.c.h; name = CDVCamera.h; path = "cordova-plugin-camera/CDVCamera.h"; sourceTree = "<group>"; };
		297DF3751802469DB4985EDA /* IONAssetHandler.m */ = {isa = PBXFileReference; explicitFileType = undefined; fileEncoding = 4; includeInIndex = 0; lastKnownFileType = sourcecode.c.objc; name = IONAssetHandler.m; path = "cordova-plugin-ionic-webview/IONAssetHandler.m"; sourceTree = "<group>"; };
		29B97316FDCFA39411CA2CEA /* main.m */ = {isa = PBXFileReference; fileEncoding = 4; lastKnownFileType = sourcecode.c.objc; path = main.m; sourceTree = "<group>"; };
		301BF52D109A57CC0062928A /* CordovaLib.xcodeproj */ = {isa = PBXFileReference; lastKnownFileType = "wrapper.pb-project"; name = CordovaLib.xcodeproj; path = CordovaLib/CordovaLib.xcodeproj; sourceTree = "<group>"; };
		301BF56E109A69640062928A /* www */ = {isa = PBXFileReference; lastKnownFileType = folder; path = www; sourceTree = SOURCE_ROOT; };
		302D95EE14D2391D003F00A1 /* MainViewController.h */ = {isa = PBXFileReference; fileEncoding = 4; lastKnownFileType = sourcecode.c.h; path = MainViewController.h; sourceTree = "<group>"; };
		302D95EF14D2391D003F00A1 /* MainViewController.m */ = {isa = PBXFileReference; fileEncoding = 4; lastKnownFileType = sourcecode.c.objc; path = MainViewController.m; sourceTree = "<group>"; };
		302D95F014D2391D003F00A1 /* MainViewController.xib */ = {isa = PBXFileReference; fileEncoding = 4; lastKnownFileType = file.xib; path = MainViewController.xib; sourceTree = "<group>"; };
		3047A50F1AB8059700498E2A /* build-debug.xcconfig */ = {isa = PBXFileReference; fileEncoding = 4; lastKnownFileType = text.xcconfig; name = "build-debug.xcconfig"; path = "cordova/build-debug.xcconfig"; sourceTree = SOURCE_ROOT; };
		3047A5101AB8059700498E2A /* build-release.xcconfig */ = {isa = PBXFileReference; fileEncoding = 4; lastKnownFileType = text.xcconfig; name = "build-release.xcconfig"; path = "cordova/build-release.xcconfig"; sourceTree = SOURCE_ROOT; };
		3047A5111AB8059700498E2A /* build.xcconfig */ = {isa = PBXFileReference; fileEncoding = 4; lastKnownFileType = text.xcconfig; name = build.xcconfig; path = cordova/build.xcconfig; sourceTree = SOURCE_ROOT; };
		32CA4F630368D1EE00C91783 /* tomjerry-Prefix.pch */ = {isa = PBXFileReference; fileEncoding = 4; lastKnownFileType = sourcecode.c.h; path = "tomjerry-Prefix.pch"; sourceTree = "<group>"; };
		37DD10171B9944DD9041EEE9 /* CDVStatusBar.h */ = {isa = PBXFileReference; explicitFileType = undefined; fileEncoding = 4; includeInIndex = 0; lastKnownFileType = sourcecode.c.h; name = CDVStatusBar.h; path = "cordova-plugin-statusbar/CDVStatusBar.h"; sourceTree = "<group>"; };
		43D169D2683F4CF5A86ED847 /* CDVIonicKeyboard.h */ = {isa = PBXFileReference; explicitFileType = undefined; fileEncoding = 4; includeInIndex = 0; lastKnownFileType = sourcecode.c.h; name = CDVIonicKeyboard.h; path = "cordova-plugin-ionic-keyboard/CDVIonicKeyboard.h"; sourceTree = "<group>"; };
		61A9074E32094A4394AD1BFD /* CDVJpegHeaderWriter.m */ = {isa = PBXFileReference; explicitFileType = undefined; fileEncoding = 4; includeInIndex = 0; lastKnownFileType = sourcecode.c.objc; name = CDVJpegHeaderWriter.m; path = "cordova-plugin-camera/CDVJpegHeaderWriter.m"; sourceTree = "<group>"; };
		675E0A2A91DBE0DC6EB29AE0 /* libPods-tomjerry.a */ = {isa = PBXFileReference; explicitFileType = archive.ar; includeInIndex = 0; path = "libPods-tomjerry.a"; sourceTree = BUILT_PRODUCTS_DIR; };
		6AFF5BF81D6E424B00AB3073 /* CDVLaunchScreen.storyboard */ = {isa = PBXFileReference; fileEncoding = 4; lastKnownFileType = file.storyboard; name = CDVLaunchScreen.storyboard; path = tomjerry/CDVLaunchScreen.storyboard; sourceTree = SOURCE_ROOT; };
		7E3A331E25D443DA87595503 /* CDVWKProcessPoolFactory.m */ = {isa = PBXFileReference; explicitFileType = undefined; fileEncoding = 4; includeInIndex = 0; lastKnownFileType = sourcecode.c.objc; name = CDVWKProcessPoolFactory.m; path = "cordova-plugin-ionic-webview/CDVWKProcessPoolFactory.m"; sourceTree = "<group>"; };
		8761F265E32C435EB5F2075C /* CDVWKWebViewEngine.h */ = {isa = PBXFileReference; explicitFileType = undefined; fileEncoding = 4; includeInIndex = 0; lastKnownFileType = sourcecode.c.h; name = CDVWKWebViewEngine.h; path = "cordova-plugin-ionic-webview/CDVWKWebViewEngine.h"; sourceTree = "<group>"; };
		8D1107310486CEB800E47090 /* tomjerry-Info.plist */ = {isa = PBXFileReference; fileEncoding = 4; lastKnownFileType = text.plist.xml; name = "tomjerry-Info.plist"; path = "tomjerry/tomjerry-Info.plist"; plistStructureDefinitionIdentifier = "com.apple.xcode.plist.structure-definition.iphone.info-plist"; sourceTree = SOURCE_ROOT; };
		928BD4F327993CB000DD975B /* GoogleService-Info.plist */ = {isa = PBXFileReference; fileEncoding = 4; lastKnownFileType = text.plist.xml; path = "GoogleService-Info.plist"; sourceTree = "<group>"; };
		93DB1476561F438495503388 /* UIImage+CropScaleOrientation.m */ = {isa = PBXFileReference; explicitFileType = undefined; fileEncoding = 4; includeInIndex = 0; lastKnownFileType = sourcecode.c.objc; name = "UIImage+CropScaleOrientation.m"; path = "cordova-plugin-camera/UIImage+CropScaleOrientation.m"; sourceTree = "<group>"; };
		94BDC10D4220447A8CACA4E8 /* FCMNotificationCenterDelegate.m */ = {isa = PBXFileReference; explicitFileType = undefined; fileEncoding = 4; includeInIndex = 0; lastKnownFileType = sourcecode.c.objc; name = FCMNotificationCenterDelegate.m; path = "cordova-plugin-fcm-with-dependecy-updated/FCMNotificationCenterDelegate.m"; sourceTree = "<group>"; };
		A149D661BAB64471A7BF156E /* CDVIonicKeyboard.m */ = {isa = PBXFileReference; explicitFileType = undefined; fileEncoding = 4; includeInIndex = 0; lastKnownFileType = sourcecode.c.objc; name = CDVIonicKeyboard.m; path = "cordova-plugin-ionic-keyboard/CDVIonicKeyboard.m"; sourceTree = "<group>"; };
		A2601AD644D342BF8618701A /* FCMPluginIOS9Support.h */ = {isa = PBXFileReference; explicitFileType = undefined; fileEncoding = 4; includeInIndex = 0; lastKnownFileType = sourcecode.c.h; name = FCMPluginIOS9Support.h; path = "cordova-plugin-fcm-with-dependecy-updated/FCMPluginIOS9Support.h"; sourceTree = "<group>"; };
		A3CFBE5C5F7846808EB4B90B /* ImageIO.framework */ = {isa = PBXFileReference; explicitFileType = undefined; fileEncoding = 9; includeInIndex = 0; lastKnownFileType = wrapper.framework; name = ImageIO.framework; path = System/Library/Frameworks/ImageIO.framework; sourceTree = SDKROOT; };
		B1B67BCFBAB14DDE93CC62C6 /* CDVSplashScreen.h */ = {isa = PBXFileReference; explicitFileType = undefined; fileEncoding = 4; includeInIndex = 0; lastKnownFileType = sourcecode.c.h; name = CDVSplashScreen.h; path = "cordova-plugin-splashscreen/CDVSplashScreen.h"; sourceTree = "<group>"; };
		B4F53C25AFB04DC79D59DABB /* CDVStatusBar.m */ = {isa = PBXFileReference; explicitFileType = undefined; fileEncoding = 4; includeInIndex = 0; lastKnownFileType = sourcecode.c.objc; name = CDVStatusBar.m; path = "cordova-plugin-statusbar/CDVStatusBar.m"; sourceTree = "<group>"; };
		B7DC6B0A637B4E10864D5FFD /* FCMPlugin.m */ = {isa = PBXFileReference; explicitFileType = undefined; fileEncoding = 4; includeInIndex = 0; lastKnownFileType = sourcecode.c.objc; name = FCMPlugin.m; path = "cordova-plugin-fcm-with-dependecy-updated/FCMPlugin.m"; sourceTree = "<group>"; };
		C200BFC76E2D74EDA1960685 /* Pods-tomjerry.debug.xcconfig */ = {isa = PBXFileReference; includeInIndex = 1; lastKnownFileType = text.xcconfig; name = "Pods-tomjerry.debug.xcconfig"; path = "Target Support Files/Pods-tomjerry/Pods-tomjerry.debug.xcconfig"; sourceTree = "<group>"; };
		C539CC0B3A3A44FAA03D482F /* CDVExif.h */ = {isa = PBXFileReference; explicitFileType = undefined; fileEncoding = 4; includeInIndex = 0; lastKnownFileType = sourcecode.c.h; name = CDVExif.h; path = "cordova-plugin-camera/CDVExif.h"; sourceTree = "<group>"; };
		D1B2E33EEF3144A888F91A8A /* UIImage+CropScaleOrientation.h */ = {isa = PBXFileReference; explicitFileType = undefined; fileEncoding = 4; includeInIndex = 0; lastKnownFileType = sourcecode.c.h; name = "UIImage+CropScaleOrientation.h"; path = "cordova-plugin-camera/UIImage+CropScaleOrientation.h"; sourceTree = "<group>"; };
		D3BB0C77C521401C82C6D6E9 /* CDVCamera.m */ = {isa = PBXFileReference; explicitFileType = undefined; fileEncoding = 4; includeInIndex = 0; lastKnownFileType = sourcecode.c.objc; name = CDVCamera.m; path = "cordova-plugin-camera/CDVCamera.m"; sourceTree = "<group>"; };
		E19B24E6EC644FDE996053BB /* CDVWKProcessPoolFactory.h */ = {isa = PBXFileReference; explicitFileType = undefined; fileEncoding = 4; includeInIndex = 0; lastKnownFileType = sourcecode.c.h; name = CDVWKProcessPoolFactory.h; path = "cordova-plugin-ionic-webview/CDVWKProcessPoolFactory.h"; sourceTree = "<group>"; };
		E4C430B5A8894CEF9F8F1520 /* FCMPlugin.h */ = {isa = PBXFileReference; explicitFileType = undefined; fileEncoding = 4; includeInIndex = 0; lastKnownFileType = sourcecode.c.h; name = FCMPlugin.h; path = "cordova-plugin-fcm-with-dependecy-updated/FCMPlugin.h"; sourceTree = "<group>"; };
		E7F4B572ADB84B459FFA11C2 /* AppDelegate+FCMPlugin.h */ = {isa = PBXFileReference; explicitFileType = undefined; fileEncoding = 4; includeInIndex = 0; lastKnownFileType = sourcecode.c.h; name = "AppDelegate+FCMPlugin.h"; path = "cordova-plugin-fcm-with-dependecy-updated/AppDelegate+FCMPlugin.h"; sourceTree = "<group>"; };
		EA1024BB4E2146B2A7AB77A5 /* CDVWKWebViewEngine.m */ = {isa = PBXFileReference; explicitFileType = undefined; fileEncoding = 4; includeInIndex = 0; lastKnownFileType = sourcecode.c.objc; name = CDVWKWebViewEngine.m; path = "cordova-plugin-ionic-webview/CDVWKWebViewEngine.m"; sourceTree = "<group>"; };
		EB87FDF31871DA8E0020F90C /* www */ = {isa = PBXFileReference; lastKnownFileType = folder; name = www; path = ../../www; sourceTree = "<group>"; };
		EB87FDF41871DAF40020F90C /* config.xml */ = {isa = PBXFileReference; lastKnownFileType = text.xml; name = config.xml; path = ../../config.xml; sourceTree = "<group>"; };
		ED33DF2A687741AEAF9F8254 /* Bridging-Header.h */ = {isa = PBXFileReference; fileEncoding = 4; lastKnownFileType = sourcecode.c.h; path = "Bridging-Header.h"; sourceTree = "<group>"; };
		F13D8AEC27A643519E7E9F66 /* IONAssetHandler.h */ = {isa = PBXFileReference; explicitFileType = undefined; fileEncoding = 4; includeInIndex = 0; lastKnownFileType = sourcecode.c.h; name = IONAssetHandler.h; path = "cordova-plugin-ionic-webview/IONAssetHandler.h"; sourceTree = "<group>"; };
		F17960837B1B4833AB929046 /* FCMNotificationCenterDelegate.h */ = {isa = PBXFileReference; explicitFileType = undefined; fileEncoding = 4; includeInIndex = 0; lastKnownFileType = sourcecode.c.h; name = FCMNotificationCenterDelegate.h; path = "cordova-plugin-fcm-with-dependecy-updated/FCMNotificationCenterDelegate.h"; sourceTree = "<group>"; };
		F708EA9E047A4A47A55C84B0 /* AppDelegate+FCMPlugin.m */ = {isa = PBXFileReference; explicitFileType = undefined; fileEncoding = 4; includeInIndex = 0; lastKnownFileType = sourcecode.c.objc; name = "AppDelegate+FCMPlugin.m"; path = "cordova-plugin-fcm-with-dependecy-updated/AppDelegate+FCMPlugin.m"; sourceTree = "<group>"; };
		F840E1F0165FE0F500CFE078 /* config.xml */ = {isa = PBXFileReference; lastKnownFileType = text.xml; name = config.xml; path = tomjerry/config.xml; sourceTree = "<group>"; };
		F9C60B9815B24F2A8B9832D8 /* WebKit.framework */ = {isa = PBXFileReference; explicitFileType = undefined; fileEncoding = 9; includeInIndex = 0; lastKnownFileType = wrapper.framework; name = WebKit.framework; path = System/Library/Frameworks/WebKit.framework; sourceTree = SDKROOT; };
		FB3CBAE768EA4672A20407A4 /* CDVViewController+SplashScreen.h */ = {isa = PBXFileReference; explicitFileType = undefined; fileEncoding = 4; includeInIndex = 0; lastKnownFileType = sourcecode.c.h; name = "CDVViewController+SplashScreen.h"; path = "cordova-plugin-splashscreen/CDVViewController+SplashScreen.h"; sourceTree = "<group>"; };
		FB6ACB6C43624B8DAD531986 /* CDVWKWebViewUIDelegate.m */ = {isa = PBXFileReference; explicitFileType = undefined; fileEncoding = 4; includeInIndex = 0; lastKnownFileType = sourcecode.c.objc; name = CDVWKWebViewUIDelegate.m; path = "cordova-plugin-ionic-webview/CDVWKWebViewUIDelegate.m"; sourceTree = "<group>"; };
		FDF02FD6CD19404BB352C000 /* CDVSplashScreen.m */ = {isa = PBXFileReference; explicitFileType = undefined; fileEncoding = 4; includeInIndex = 0; lastKnownFileType = sourcecode.c.objc; name = CDVSplashScreen.m; path = "cordova-plugin-splashscreen/CDVSplashScreen.m"; sourceTree = "<group>"; };
		2EE0C9B7C0D648D9BDF5B52C /* NativeAudio.m */ = {isa = PBXFileReference; name = "NativeAudio.m"; path = "cordova-plugin-nativeaudio/NativeAudio.m"; sourceTree = "<group>"; fileEncoding = 4; lastKnownFileType = sourcecode.c.objc; explicitFileType = undefined; includeInIndex = 0; };
		CD687EAF49A24657844EA2CF /* NativeAudioAsset.m */ = {isa = PBXFileReference; name = "NativeAudioAsset.m"; path = "cordova-plugin-nativeaudio/NativeAudioAsset.m"; sourceTree = "<group>"; fileEncoding = 4; lastKnownFileType = sourcecode.c.objc; explicitFileType = undefined; includeInIndex = 0; };
		287C99A8F1DD4729AA9909AE /* NativeAudio.h */ = {isa = PBXFileReference; name = "NativeAudio.h"; path = "cordova-plugin-nativeaudio/NativeAudio.h"; sourceTree = "<group>"; fileEncoding = 4; lastKnownFileType = sourcecode.c.h; explicitFileType = undefined; includeInIndex = 0; };
		16E81B67C4B14E40AB2C71F3 /* NativeAudioAsset.h */ = {isa = PBXFileReference; name = "NativeAudioAsset.h"; path = "cordova-plugin-nativeaudio/NativeAudioAsset.h"; sourceTree = "<group>"; fileEncoding = 4; lastKnownFileType = sourcecode.c.h; explicitFileType = undefined; includeInIndex = 0; };
		21B9DAE50E264DE783CC6F50 /* Foundation.framework */ = {isa = PBXFileReference; name = "Foundation.framework"; path = "System/Library/Frameworks/Foundation.framework"; sourceTree = SDKROOT; fileEncoding = undefined; lastKnownFileType = wrapper.framework; explicitFileType = undefined; includeInIndex = 0; };
		CBFCA302A04D44B3AD046474 /* AudioToolbox.framework */ = {isa = PBXFileReference; name = "AudioToolbox.framework"; path = "System/Library/Frameworks/AudioToolbox.framework"; sourceTree = SDKROOT; fileEncoding = undefined; lastKnownFileType = wrapper.framework; explicitFileType = undefined; includeInIndex = 0; };
/* End PBXFileReference section */

/* Begin PBXFrameworksBuildPhase section */
		1D60588F0D05DD3D006BFB54 /* Frameworks */ = {
			isa = PBXFrameworksBuildPhase;
			buildActionMask = 2147483647;
			files = (
				301BF552109A68D80062928A /* libCordova.a in Frameworks */,
				45048514194541509A9F5938 /* ImageIO.framework in Frameworks */,
				18BA5B71FA944D69B83BFB8F /* CoreLocation.framework in Frameworks */,
				B8637667842A48B58E715A79 /* AVFoundation.framework in Frameworks */,
				F2BF36C191DFBD75D45626DB /* libPods-tomjerry.a in Frameworks */,
				6F5F28D856DF49C0A9BA2616 /* WebKit.framework in Frameworks */,
				D4D6EA0ACEAA4F8B8957636B /* Foundation.framework in Frameworks */,
				59100EA50DBB4BEA9628DE02 /* AudioToolbox.framework in Frameworks */,
			);
			runOnlyForDeploymentPostprocessing = 0;
		};
/* End PBXFrameworksBuildPhase section */

/* Begin PBXGroup section */
		080E96DDFE201D6D7F000001 /* Classes */ = {
			isa = PBXGroup;
			children = (
				302D95EE14D2391D003F00A1 /* MainViewController.h */,
				302D95EF14D2391D003F00A1 /* MainViewController.m */,
				302D95F014D2391D003F00A1 /* MainViewController.xib */,
				1D3623240D0F684500981E51 /* AppDelegate.h */,
				1D3623250D0F684500981E51 /* AppDelegate.m */,
			);
			name = Classes;
			path = tomjerry/Classes;
			sourceTree = SOURCE_ROOT;
		};
		19C28FACFE9D520D11CA2CBB /* Products */ = {
			isa = PBXGroup;
			children = (
				1D6058910D05DD3D006BFB54 /* tomjerry.app */,
			);
			name = Products;
			sourceTree = "<group>";
		};
		29B97314FDCFA39411CA2CEA /* CustomTemplate */ = {
			isa = PBXGroup;
			children = (
				EB87FDF41871DAF40020F90C /* config.xml */,
				EB87FDF31871DA8E0020F90C /* www */,
				EB87FDF11871DA420020F90C /* Staging */,
				301BF52D109A57CC0062928A /* CordovaLib.xcodeproj */,
				080E96DDFE201D6D7F000001 /* Classes */,
				307C750510C5A3420062BCA9 /* Plugins */,
				29B97315FDCFA39411CA2CEA /* Other Sources */,
				29B97317FDCFA39411CA2CEA /* Resources */,
				29B97323FDCFA39411CA2CEA /* Frameworks */,
				19C28FACFE9D520D11CA2CBB /* Products */,
				6C3BD7C354F0D154D94A89AB /* Pods */,
			);
			name = CustomTemplate;
			sourceTree = "<group>";
		};
		29B97315FDCFA39411CA2CEA /* Other Sources */ = {
			isa = PBXGroup;
			children = (
				32CA4F630368D1EE00C91783 /* tomjerry-Prefix.pch */,
				29B97316FDCFA39411CA2CEA /* main.m */,
				ED33DF2A687741AEAF9F8254 /* Bridging-Header.h */,
			);
			name = "Other Sources";
			path = tomjerry;
			sourceTree = "<group>";
		};
		29B97317FDCFA39411CA2CEA /* Resources */ = {
			isa = PBXGroup;
			children = (
				928BD4F327993CB000DD975B /* GoogleService-Info.plist */,
				0207DA571B56EA530066E2B4 /* Images.xcassets */,
				3047A50E1AB8057F00498E2A /* config */,
				8D1107310486CEB800E47090 /* tomjerry-Info.plist */,
				6AFF5BF81D6E424B00AB3073 /* CDVLaunchScreen.storyboard */,
			);
			name = Resources;
			path = tomjerry/Resources;
			sourceTree = "<group>";
		};
		29B97323FDCFA39411CA2CEA /* Frameworks */ = {
			isa = PBXGroup;
			children = (
				A3CFBE5C5F7846808EB4B90B /* ImageIO.framework */,
				25C06AFF94B74359A0FF7565 /* CoreLocation.framework */,
				1D8A34AE011E46629D641EDB /* AVFoundation.framework */,
				675E0A2A91DBE0DC6EB29AE0 /* libPods-tomjerry.a */,
				F9C60B9815B24F2A8B9832D8 /* WebKit.framework */,
				21B9DAE50E264DE783CC6F50 /* Foundation.framework */,
				CBFCA302A04D44B3AD046474 /* AudioToolbox.framework */,
			);
			name = Frameworks;
			sourceTree = "<group>";
		};
		301BF52E109A57CC0062928A /* Products */ = {
			isa = PBXGroup;
			children = (
				301BF535109A57CC0062928A /* libCordova.a */,
				907D8124214C687600058A10 /* Cordova.framework */,
			);
			name = Products;
			sourceTree = "<group>";
		};
		3047A50E1AB8057F00498E2A /* config */ = {
			isa = PBXGroup;
			children = (
				3047A50F1AB8059700498E2A /* build-debug.xcconfig */,
				3047A5101AB8059700498E2A /* build-release.xcconfig */,
				3047A5111AB8059700498E2A /* build.xcconfig */,
			);
			name = config;
			sourceTree = "<group>";
		};
		307C750510C5A3420062BCA9 /* Plugins */ = {
			isa = PBXGroup;
			children = (
				93DB1476561F438495503388 /* UIImage+CropScaleOrientation.m */,
				D3BB0C77C521401C82C6D6E9 /* CDVCamera.m */,
				61A9074E32094A4394AD1BFD /* CDVJpegHeaderWriter.m */,
				D1B2E33EEF3144A888F91A8A /* UIImage+CropScaleOrientation.h */,
				2957E532116A42DEB55DE191 /* CDVCamera.h */,
				1CA1E5EC50124B379CAE594F /* CDVJpegHeaderWriter.h */,
				C539CC0B3A3A44FAA03D482F /* CDVExif.h */,
				11220E4EC1644C4B97B725D9 /* CDVDevice.m */,
				0CD14B1198E748768D0F62C4 /* CDVDevice.h */,
				A149D661BAB64471A7BF156E /* CDVIonicKeyboard.m */,
				43D169D2683F4CF5A86ED847 /* CDVIonicKeyboard.h */,
				EA1024BB4E2146B2A7AB77A5 /* CDVWKWebViewEngine.m */,
				FB6ACB6C43624B8DAD531986 /* CDVWKWebViewUIDelegate.m */,
				7E3A331E25D443DA87595503 /* CDVWKProcessPoolFactory.m */,
				297DF3751802469DB4985EDA /* IONAssetHandler.m */,
				8761F265E32C435EB5F2075C /* CDVWKWebViewEngine.h */,
				16877323050F405D855B7A57 /* CDVWKWebViewUIDelegate.h */,
				E19B24E6EC644FDE996053BB /* CDVWKProcessPoolFactory.h */,
				F13D8AEC27A643519E7E9F66 /* IONAssetHandler.h */,
				FDF02FD6CD19404BB352C000 /* CDVSplashScreen.m */,
				12BF1A46041C4252848124F6 /* CDVViewController+SplashScreen.m */,
				B1B67BCFBAB14DDE93CC62C6 /* CDVSplashScreen.h */,
				FB3CBAE768EA4672A20407A4 /* CDVViewController+SplashScreen.h */,
				B4F53C25AFB04DC79D59DABB /* CDVStatusBar.m */,
				37DD10171B9944DD9041EEE9 /* CDVStatusBar.h */,
				B7DC6B0A637B4E10864D5FFD /* FCMPlugin.m */,
				F708EA9E047A4A47A55C84B0 /* AppDelegate+FCMPlugin.m */,
				03EE0C83BFE14115BAD0F0CE /* FCMPluginIOS9Support.m */,
				94BDC10D4220447A8CACA4E8 /* FCMNotificationCenterDelegate.m */,
				E4C430B5A8894CEF9F8F1520 /* FCMPlugin.h */,
				E7F4B572ADB84B459FFA11C2 /* AppDelegate+FCMPlugin.h */,
				A2601AD644D342BF8618701A /* FCMPluginIOS9Support.h */,
				F17960837B1B4833AB929046 /* FCMNotificationCenterDelegate.h */,
				2EE0C9B7C0D648D9BDF5B52C /* NativeAudio.m */,
				CD687EAF49A24657844EA2CF /* NativeAudioAsset.m */,
				287C99A8F1DD4729AA9909AE /* NativeAudio.h */,
				16E81B67C4B14E40AB2C71F3 /* NativeAudioAsset.h */,
			);
			name = Plugins;
			path = tomjerry/Plugins;
			sourceTree = SOURCE_ROOT;
		};
		6C3BD7C354F0D154D94A89AB /* Pods */ = {
			isa = PBXGroup;
			children = (
				C200BFC76E2D74EDA1960685 /* Pods-tomjerry.debug.xcconfig */,
				239A4285571EE0E7286F234B /* Pods-tomjerry.release.xcconfig */,
			);
			path = Pods;
			sourceTree = "<group>";
		};
		EB87FDF11871DA420020F90C /* Staging */ = {
			isa = PBXGroup;
			children = (
				F840E1F0165FE0F500CFE078 /* config.xml */,
				301BF56E109A69640062928A /* www */,
			);
			name = Staging;
			sourceTree = "<group>";
		};
/* End PBXGroup section */

/* Begin PBXNativeTarget section */
		1D6058900D05DD3D006BFB54 /* tomjerry */ = {
			isa = PBXNativeTarget;
			buildConfigurationList = 1D6058960D05DD3E006BFB54 /* Build configuration list for PBXNativeTarget "tomjerry" */;
			buildPhases = (
				6B00253181169B9196C98BC7 /* [CP] Check Pods Manifest.lock */,
				304B58A110DAC018002A0835 /* Copy www directory */,
				1D60588D0D05DD3D006BFB54 /* Resources */,
				1D60588E0D05DD3D006BFB54 /* Sources */,
				1D60588F0D05DD3D006BFB54 /* Frameworks */,
			);
			buildRules = (
			);
			dependencies = (
				301BF551109A68C00062928A /* PBXTargetDependency */,
			);
			name = tomjerry;
			productName = tomjerry;
			productReference = 1D6058910D05DD3D006BFB54 /* tomjerry.app */;
			productType = "com.apple.product-type.application";
		};
/* End PBXNativeTarget section */

/* Begin PBXProject section */
		29B97313FDCFA39411CA2CEA /* Project object */ = {
			isa = PBXProject;
			attributes = {
				LastUpgradeCheck = 1130;
			};
			buildConfigurationList = C01FCF4E08A954540054247B /* Build configuration list for PBXProject "tomjerry" */;
			compatibilityVersion = "Xcode 11.0";
			developmentRegion = en;
			hasScannedForEncodings = 1;
			knownRegions = (
				en,
				Base,
			);
			mainGroup = 29B97314FDCFA39411CA2CEA /* CustomTemplate */;
			productRefGroup = 19C28FACFE9D520D11CA2CBB /* Products */;
			projectDirPath = "";
			projectReferences = (
				{
					ProductGroup = 301BF52E109A57CC0062928A /* Products */;
					ProjectRef = 301BF52D109A57CC0062928A /* CordovaLib.xcodeproj */;
				},
			);
			projectRoot = "";
			targets = (
				1D6058900D05DD3D006BFB54 /* tomjerry */,
			);
		};
/* End PBXProject section */

/* Begin PBXReferenceProxy section */
		301BF535109A57CC0062928A /* libCordova.a */ = {
			isa = PBXReferenceProxy;
			fileType = archive.ar;
			path = libCordova.a;
			remoteRef = 301BF534109A57CC0062928A /* PBXContainerItemProxy */;
			sourceTree = BUILT_PRODUCTS_DIR;
		};
		907D8124214C687600058A10 /* Cordova.framework */ = {
			isa = PBXReferenceProxy;
			fileType = wrapper.framework;
			path = Cordova.framework;
			remoteRef = 907D8123214C687600058A10 /* PBXContainerItemProxy */;
			sourceTree = BUILT_PRODUCTS_DIR;
		};
/* End PBXReferenceProxy section */

/* Begin PBXResourcesBuildPhase section */
		1D60588D0D05DD3D006BFB54 /* Resources */ = {
			isa = PBXResourcesBuildPhase;
			buildActionMask = 2147483647;
			files = (
				302D95F214D2391D003F00A1 /* MainViewController.xib in Resources */,
				928BD4F427993CB000DD975B /* GoogleService-Info.plist in Resources */,
				0207DA581B56EA530066E2B4 /* Images.xcassets in Resources */,
				6AFF5BF91D6E424B00AB3073 /* CDVLaunchScreen.storyboard in Resources */,
			);
			runOnlyForDeploymentPostprocessing = 0;
		};
/* End PBXResourcesBuildPhase section */

/* Begin PBXShellScriptBuildPhase section */
		304B58A110DAC018002A0835 /* Copy www directory */ = {
			isa = PBXShellScriptBuildPhase;
			buildActionMask = 2147483647;
			files = (
			);
			inputPaths = (
			);
			name = "Copy www directory";
			outputPaths = (
			);
			runOnlyForDeploymentPostprocessing = 0;
			shellPath = /bin/sh;
			shellScript = "\"$SRCROOT/tomjerry/Scripts/copy-www-build-step.sh\"\n";
			showEnvVarsInLog = 0;
		};
		6B00253181169B9196C98BC7 /* [CP] Check Pods Manifest.lock */ = {
			isa = PBXShellScriptBuildPhase;
			buildActionMask = 2147483647;
			files = (
			);
			inputFileListPaths = (
			);
			inputPaths = (
				"${PODS_PODFILE_DIR_PATH}/Podfile.lock",
				"${PODS_ROOT}/Manifest.lock",
			);
			name = "[CP] Check Pods Manifest.lock";
			outputFileListPaths = (
			);
			outputPaths = (
				"$(DERIVED_FILE_DIR)/Pods-tomjerry-checkManifestLockResult.txt",
			);
			runOnlyForDeploymentPostprocessing = 0;
			shellPath = /bin/sh;
			shellScript = "diff \"${PODS_PODFILE_DIR_PATH}/Podfile.lock\" \"${PODS_ROOT}/Manifest.lock\" > /dev/null\nif [ $? != 0 ] ; then\n    # print error to STDERR\n    echo \"error: The sandbox is not in sync with the Podfile.lock. Run 'pod install' or update your CocoaPods installation.\" >&2\n    exit 1\nfi\n# This output is used by Xcode 'outputs' to avoid re-running this script phase.\necho \"SUCCESS\" > \"${SCRIPT_OUTPUT_FILE_0}\"\n";
			showEnvVarsInLog = 0;
		};
/* End PBXShellScriptBuildPhase section */

/* Begin PBXSourcesBuildPhase section */
		1D60588E0D05DD3D006BFB54 /* Sources */ = {
			isa = PBXSourcesBuildPhase;
			buildActionMask = 2147483647;
			files = (
				1D60589B0D05DD56006BFB54 /* main.m in Sources */,
				1D3623260D0F684500981E51 /* AppDelegate.m in Sources */,
				302D95F114D2391D003F00A1 /* MainViewController.m in Sources */,
				B64D8F0E8DB04B82AE7DCF6C /* UIImage+CropScaleOrientation.m in Sources */,
				372828CCFA3F4B56881108DF /* CDVCamera.m in Sources */,
				163BBEE441004286A492F5B2 /* CDVJpegHeaderWriter.m in Sources */,
				840B309C11EB48AEAAB75A7A /* CDVDevice.m in Sources */,
				EB3C231F06B24E81A7A2C18B /* CDVIonicKeyboard.m in Sources */,
				CEEBC14AB893468D8BC7421B /* CDVWKWebViewEngine.m in Sources */,
				8DB0BBF36FEC4B25B4E09634 /* CDVWKWebViewUIDelegate.m in Sources */,
				ABEDF06B557B468C8B504910 /* CDVWKProcessPoolFactory.m in Sources */,
				D02401D856D14D3D8C06F107 /* IONAssetHandler.m in Sources */,
				EE5234A33BBB429088006DA2 /* CDVSplashScreen.m in Sources */,
				1A7854D01276492DA5C3A5BE /* CDVViewController+SplashScreen.m in Sources */,
				367F8EF5AF59490CB327E7DC /* CDVStatusBar.m in Sources */,
				406DEC3E5EA14EB2B2B7A9A2 /* FCMPlugin.m in Sources */,
				1A0F98F351934D9FBA104627 /* AppDelegate+FCMPlugin.m in Sources */,
				DD860D4851704DE88A759EBA /* FCMPluginIOS9Support.m in Sources */,
				3E7011BDBD9C4B1296BD5449 /* FCMNotificationCenterDelegate.m in Sources */,
				32BE5393B3F24663A784CE54 /* NativeAudio.m in Sources */,
				FE8538A2046B4ACCAB60F99A /* NativeAudioAsset.m in Sources */,
			);
			runOnlyForDeploymentPostprocessing = 0;
		};
/* End PBXSourcesBuildPhase section */

/* Begin PBXTargetDependency section */
		301BF551109A68C00062928A /* PBXTargetDependency */ = {
			isa = PBXTargetDependency;
			name = CordovaLib;
			targetProxy = 301BF550109A68C00062928A /* PBXContainerItemProxy */;
		};
/* End PBXTargetDependency section */

/* Begin XCBuildConfiguration section */
		1D6058940D05DD3E006BFB54 /* Debug */ = {
			isa = XCBuildConfiguration;
			baseConfigurationReference = 3047A50F1AB8059700498E2A /* build-debug.xcconfig */;
			buildSettings = {
				ALWAYS_SEARCH_USER_PATHS = NO;
				ASSETCATALOG_COMPILER_APPICON_NAME = AppIcon;
				CLANG_ENABLE_MODULES = YES;
				CLANG_ENABLE_OBJC_ARC = YES;
				COPY_PHASE_STRIP = NO;
				DEVELOPMENT_TEAM = 529GB2G8YN;
				GCC_DYNAMIC_NO_PIC = NO;
				GCC_OPTIMIZATION_LEVEL = 0;
				GCC_PRECOMPILE_PREFIX_HEADER = YES;
				GCC_PREFIX_HEADER = "tomjerry/tomjerry-Prefix.pch";
				GCC_THUMB_SUPPORT = NO;
				GCC_VERSION = "";
				INFOPLIST_FILE = "tomjerry/tomjerry-Info.plist";
				IPHONEOS_DEPLOYMENT_TARGET = 11.0;
				LD_RUNPATH_SEARCH_PATHS = "@executable_path/Frameworks";
				PRODUCT_BUNDLE_IDENTIFIER = com.tom.tomjerry;
				PRODUCT_NAME = "$(TARGET_NAME)";
				TARGETED_DEVICE_FAMILY = "1,2";
				VALIDATE_WORKSPACE = NO;
			};
			name = Debug;
		};
		1D6058950D05DD3E006BFB54 /* Release */ = {
			isa = XCBuildConfiguration;
			baseConfigurationReference = 3047A5101AB8059700498E2A /* build-release.xcconfig */;
			buildSettings = {
				ALWAYS_SEARCH_USER_PATHS = NO;
				ASSETCATALOG_COMPILER_APPICON_NAME = AppIcon;
				CLANG_ENABLE_MODULES = YES;
				CLANG_ENABLE_OBJC_ARC = YES;
				CODE_SIGN_IDENTITY = "Apple Development";
				CODE_SIGN_STYLE = Automatic;
				COPY_PHASE_STRIP = YES;
				DEVELOPMENT_TEAM = 529GB2G8YN;
				GCC_PRECOMPILE_PREFIX_HEADER = YES;
				GCC_PREFIX_HEADER = "tomjerry/tomjerry-Prefix.pch";
				GCC_THUMB_SUPPORT = NO;
				GCC_VERSION = "";
				INFOPLIST_FILE = "tomjerry/tomjerry-Info.plist";
				IPHONEOS_DEPLOYMENT_TARGET = 11.0;
				LD_RUNPATH_SEARCH_PATHS = "@executable_path/Frameworks";
				PRODUCT_BUNDLE_IDENTIFIER = com.tom.tomjerry;
				PRODUCT_NAME = "$(TARGET_NAME)";
				PROVISIONING_PROFILE_SPECIFIER = "";
				TARGETED_DEVICE_FAMILY = "1,2";
				VALIDATE_WORKSPACE = NO;
			};
			name = Release;
		};
		C01FCF4F08A954540054247B /* Debug */ = {
			isa = XCBuildConfiguration;
			baseConfigurationReference = 3047A5111AB8059700498E2A /* build.xcconfig */;
			buildSettings = {
				CLANG_ANALYZER_LOCALIZABILITY_NONLOCALIZED = YES;
				CLANG_ENABLE_MODULES = YES;
				CLANG_ENABLE_OBJC_ARC = YES;
				CLANG_WARN_BLOCK_CAPTURE_AUTORELEASING = YES;
				CLANG_WARN_BOOL_CONVERSION = YES;
				CLANG_WARN_COMMA = YES;
				CLANG_WARN_CONSTANT_CONVERSION = YES;
				CLANG_WARN_DEPRECATED_OBJC_IMPLEMENTATIONS = YES;
				CLANG_WARN_EMPTY_BODY = YES;
				CLANG_WARN_ENUM_CONVERSION = YES;
				CLANG_WARN_INFINITE_RECURSION = YES;
				CLANG_WARN_INT_CONVERSION = YES;
				CLANG_WARN_NON_LITERAL_NULL_CONVERSION = YES;
				CLANG_WARN_OBJC_IMPLICIT_RETAIN_SELF = YES;
				CLANG_WARN_OBJC_LITERAL_CONVERSION = YES;
				CLANG_WARN_RANGE_LOOP_ANALYSIS = YES;
				CLANG_WARN_STRICT_PROTOTYPES = YES;
				CLANG_WARN_SUSPICIOUS_MOVE = YES;
				CLANG_WARN_UNREACHABLE_CODE = YES;
				CLANG_WARN__DUPLICATE_METHOD_MATCH = YES;
				ENABLE_STRICT_OBJC_MSGSEND = YES;
				ENABLE_TESTABILITY = YES;
				GCC_C_LANGUAGE_STANDARD = c99;
				GCC_NO_COMMON_BLOCKS = YES;
				GCC_THUMB_SUPPORT = NO;
				GCC_VERSION = "";
				GCC_WARN_64_TO_32_BIT_CONVERSION = YES;
				GCC_WARN_ABOUT_RETURN_TYPE = YES;
				GCC_WARN_UNDECLARED_SELECTOR = YES;
				GCC_WARN_UNINITIALIZED_AUTOS = YES;
				GCC_WARN_UNUSED_FUNCTION = YES;
				GCC_WARN_UNUSED_VARIABLE = YES;
				IPHONEOS_DEPLOYMENT_TARGET = 11.0;
				ONLY_ACTIVE_ARCH = YES;
				SDKROOT = iphoneos;
				SKIP_INSTALL = NO;
				WK_WEB_VIEW_ONLY = 1;
			};
			name = Debug;
		};
		C01FCF5008A954540054247B /* Release */ = {
			isa = XCBuildConfiguration;
			baseConfigurationReference = 3047A5111AB8059700498E2A /* build.xcconfig */;
			buildSettings = {
				CLANG_ANALYZER_LOCALIZABILITY_NONLOCALIZED = YES;
				CLANG_ENABLE_MODULES = YES;
				CLANG_ENABLE_OBJC_ARC = YES;
				CLANG_WARN_BLOCK_CAPTURE_AUTORELEASING = YES;
				CLANG_WARN_BOOL_CONVERSION = YES;
				CLANG_WARN_COMMA = YES;
				CLANG_WARN_CONSTANT_CONVERSION = YES;
				CLANG_WARN_DEPRECATED_OBJC_IMPLEMENTATIONS = YES;
				CLANG_WARN_EMPTY_BODY = YES;
				CLANG_WARN_ENUM_CONVERSION = YES;
				CLANG_WARN_INFINITE_RECURSION = YES;
				CLANG_WARN_INT_CONVERSION = YES;
				CLANG_WARN_NON_LITERAL_NULL_CONVERSION = YES;
				CLANG_WARN_OBJC_IMPLICIT_RETAIN_SELF = YES;
				CLANG_WARN_OBJC_LITERAL_CONVERSION = YES;
				CLANG_WARN_RANGE_LOOP_ANALYSIS = YES;
				CLANG_WARN_STRICT_PROTOTYPES = YES;
				CLANG_WARN_SUSPICIOUS_MOVE = YES;
				CLANG_WARN_UNREACHABLE_CODE = YES;
				CLANG_WARN__DUPLICATE_METHOD_MATCH = YES;
				ENABLE_STRICT_OBJC_MSGSEND = YES;
				GCC_C_LANGUAGE_STANDARD = c99;
				GCC_NO_COMMON_BLOCKS = YES;
				GCC_THUMB_SUPPORT = NO;
				GCC_VERSION = "";
				GCC_WARN_64_TO_32_BIT_CONVERSION = YES;
				GCC_WARN_ABOUT_RETURN_TYPE = YES;
				GCC_WARN_UNDECLARED_SELECTOR = YES;
				GCC_WARN_UNINITIALIZED_AUTOS = YES;
				GCC_WARN_UNUSED_FUNCTION = YES;
				GCC_WARN_UNUSED_VARIABLE = YES;
				IPHONEOS_DEPLOYMENT_TARGET = 11.0;
				SDKROOT = iphoneos;
				SKIP_INSTALL = NO;
				WK_WEB_VIEW_ONLY = 1;
			};
			name = Release;
		};
/* End XCBuildConfiguration section */

/* Begin XCConfigurationList section */
		1D6058960D05DD3E006BFB54 /* Build configuration list for PBXNativeTarget "tomjerry" */ = {
			isa = XCConfigurationList;
			buildConfigurations = (
				1D6058940D05DD3E006BFB54 /* Debug */,
				1D6058950D05DD3E006BFB54 /* Release */,
			);
			defaultConfigurationIsVisible = 0;
			defaultConfigurationName = Release;
		};
		C01FCF4E08A954540054247B /* Build configuration list for PBXProject "tomjerry" */ = {
			isa = XCConfigurationList;
			buildConfigurations = (
				C01FCF4F08A954540054247B /* Debug */,
				C01FCF5008A954540054247B /* Release */,
			);
			defaultConfigurationIsVisible = 0;
			defaultConfigurationName = Release;
		};
/* End XCConfigurationList section */
	};
	rootObject = 29B97313FDCFA39411CA2CEA /* Project object */;
}
